
Microsoft Visual Studio Solution File, Format Version 12.00
# Visual Studio 2013
VisualStudioVersion = 12.0.40629.0
MinimumVisualStudioVersion = 10.0.40219.1
Project("{FAE04EC0-301F-11D3-BF4B-00C04F79EFBC}") = "validateteset", "validateteset\validateteset.csproj", "{1F1E0DFF-EA13-4292-BB38-2D0CDBE4BA2E}"
EndProject
Global
	GlobalSection(SolutionConfigurationPlatforms) = preSolution
		Debug|Any CPU = Debug|Any CPU
		Release|Any CPU = Release|Any CPU
	EndGlobalSection
	GlobalSection(ProjectConfigurationPlatforms) = postSolution
		{1F1E0DFF-EA13-4292-BB38-2D0CDBE4BA2E}.Debug|Any CPU.ActiveCfg = Debug|Any CPU
		{1F1E0DFF-EA13-4292-BB38-2D0CDBE4BA2E}.Debug|Any CPU.Build.0 = Debug|Any CPU
		{1F1E0DFF-EA13-4292-BB38-2D0CDBE4BA2E}.Release|Any CPU.ActiveCfg = Release|Any CPU
		{1F1E0DFF-EA13-4292-BB38-2D0CDBE4BA2E}.Release|Any CPU.Build.0 = Release|Any CPU
	EndGlobalSection
	GlobalSection(SolutionProperties) = preSolution
		HideSolutionNode = FALSE
	EndGlobalSection
EndGlobal
